// !$*UTF8*$!
{
	archiveVersion = 1;
	classes = {
	};
	objectVersion = 46;
	objects = {

/* Begin PBXBuildFile section */
		293343E61E25104A000F51FC /* main.m in Sources */ = {isa = PBXBuildFile; fileRef = 293343E51E25104A000F51FC /* main.m */; };
		293343E91E25104A000F51FC /* AppDelegate.m in Sources */ = {isa = PBXBuildFile; fileRef = 293343E81E25104A000F51FC /* AppDelegate.m */; };
		293343EC1E25104A000F51FC /* ViewController.m in Sources */ = {isa = PBXBuildFile; fileRef = 293343EB1E25104A000F51FC /* ViewController.m */; };
		293343EF1E25104A000F51FC /* Main.storyboard in Resources */ = {isa = PBXBuildFile; fileRef = 293343ED1E25104A000F51FC /* Main.storyboard */; };
		293343F11E25104A000F51FC /* Assets.xcassets in Resources */ = {isa = PBXBuildFile; fileRef = 293343F01E25104A000F51FC /* Assets.xcassets */; };
		293343F41E25104A000F51FC /* LaunchScreen.storyboard in Resources */ = {isa = PBXBuildFile; fileRef = 293343F21E25104A000F51FC /* LaunchScreen.storyboard */; };
		293343FF1E25104A000F51FC /* ZarinPalTests.m in Sources */ = {isa = PBXBuildFile; fileRef = 293343FE1E25104A000F51FC /* ZarinPalTests.m */; };
		2933440A1E25104A000F51FC /* ZarinPalUITests.m in Sources */ = {isa = PBXBuildFile; fileRef = 293344091E25104A000F51FC /* ZarinPalUITests.m */; };
		2933441A1E25107D000F51FC /* ZarinPal.m in Sources */ = {isa = PBXBuildFile; fileRef = 293344191E25107D000F51FC /* ZarinPal.m */; };
		293344301E257EFA000F51FC /* libxml2.tbd in Frameworks */ = {isa = PBXBuildFile; fileRef = 2933442F1E257EFA000F51FC /* libxml2.tbd */; };
		293344321E257F02000F51FC /* libxml2.2.tbd in Frameworks */ = {isa = PBXBuildFile; fileRef = 293344311E257F02000F51FC /* libxml2.2.tbd */; };
		298A38E21E5C844A00B57B4D /* IVTHelper.m in Sources */ = {isa = PBXBuildFile; fileRef = 298A38D51E5C844A00B57B4D /* IVTHelper.m */; };
		298A38E31E5C844A00B57B4D /* IVTPaymentGatewayImplementationServiceBinding.m in Sources */ = {isa = PBXBuildFile; fileRef = 298A38D71E5C844A00B57B4D /* IVTPaymentGatewayImplementationServiceBinding.m */; };
		298A38E41E5C844A00B57B4D /* IVTPaymentRequestResponse.m in Sources */ = {isa = PBXBuildFile; fileRef = 298A38D91E5C844A00B57B4D /* IVTPaymentRequestResponse.m */; };
		298A38E51E5C844A00B57B4D /* IVTPaymentRequestWithExtraResponse.m in Sources */ = {isa = PBXBuildFile; fileRef = 298A38DB1E5C844A00B57B4D /* IVTPaymentRequestWithExtraResponse.m */; };
		298A38E61E5C844A00B57B4D /* IVTPaymentVerificationResponse.m in Sources */ = {isa = PBXBuildFile; fileRef = 298A38DD1E5C844A00B57B4D /* IVTPaymentVerificationResponse.m */; };
		298A38E71E5C844A00B57B4D /* IVTRequestResultHandler.m in Sources */ = {isa = PBXBuildFile; fileRef = 298A38DF1E5C844A00B57B4D /* IVTRequestResultHandler.m */; };
		298A38E81E5C844A00B57B4D /* IVTSoapError.m in Sources */ = {isa = PBXBuildFile; fileRef = 298A38E11E5C844A00B57B4D /* IVTSoapError.m */; };
		298A38F01E5C84A000B57B4D /* DDXMLDocument.m in Sources */ = {isa = PBXBuildFile; fileRef = 298A38EB1E5C84A000B57B4D /* DDXMLDocument.m */; };
		298A38F11E5C84A000B57B4D /* DDXMLElement.m in Sources */ = {isa = PBXBuildFile; fileRef = 298A38ED1E5C84A000B57B4D /* DDXMLElement.m */; };
		298A38F21E5C84A000B57B4D /* DDXMLNode.m in Sources */ = {isa = PBXBuildFile; fileRef = 298A38EF1E5C84A000B57B4D /* DDXMLNode.m */; };
		298A38F81E5C84C500B57B4D /* NSString+DDXML.m in Sources */ = {isa = PBXBuildFile; fileRef = 298A38F71E5C84C500B57B4D /* NSString+DDXML.m */; };
		298A38FC1E5C84D000B57B4D /* DDXMLElementAdditions.m in Sources */ = {isa = PBXBuildFile; fileRef = 298A38FB1E5C84D000B57B4D /* DDXMLElementAdditions.m */; };
/* End PBXBuildFile section */

/* Begin PBXContainerItemProxy section */
		293343FB1E25104A000F51FC /* PBXContainerItemProxy */ = {
			isa = PBXContainerItemProxy;
			containerPortal = 293343D91E25104A000F51FC /* Project object */;
			proxyType = 1;
			remoteGlobalIDString = 293343E01E25104A000F51FC;
			remoteInfo = ZarinPal;
		};
		293344061E25104A000F51FC /* PBXContainerItemProxy */ = {
			isa = PBXContainerItemProxy;
			containerPortal = 293343D91E25104A000F51FC /* Project object */;
			proxyType = 1;
			remoteGlobalIDString = 293343E01E25104A000F51FC;
			remoteInfo = ZarinPal;
		};
/* End PBXContainerItemProxy section */

/* Begin PBXFileReference section */
		293343E11E25104A000F51FC /* ZarinPal.app */ = {isa = PBXFileReference; explicitFileType = wrapper.application; includeInIndex = 0; path = ZarinPal.app; sourceTree = BUILT_PRODUCTS_DIR; };
		293343E51E25104A000F51FC /* main.m */ = {isa = PBXFileReference; lastKnownFileType = sourcecode.c.objc; path = main.m; sourceTree = "<group>"; };
		293343E71E25104A000F51FC /* AppDelegate.h */ = {isa = PBXFileReference; lastKnownFileType = sourcecode.c.h; path = AppDelegate.h; sourceTree = "<group>"; };
		293343E81E25104A000F51FC /* AppDelegate.m */ = {isa = PBXFileReference; lastKnownFileType = sourcecode.c.objc; path = AppDelegate.m; sourceTree = "<group>"; };
		293343EA1E25104A000F51FC /* ViewController.h */ = {isa = PBXFileReference; lastKnownFileType = sourcecode.c.h; path = ViewController.h; sourceTree = "<group>"; };
		293343EB1E25104A000F51FC /* ViewController.m */ = {isa = PBXFileReference; lastKnownFileType = sourcecode.c.objc; path = ViewController.m; sourceTree = "<group>"; };
		293343EE1E25104A000F51FC /* Base */ = {isa = PBXFileReference; lastKnownFileType = file.storyboard; name = Base; path = Base.lproj/Main.storyboard; sourceTree = "<group>"; };
		293343F01E25104A000F51FC /* Assets.xcassets */ = {isa = PBXFileReference; lastKnownFileType = folder.assetcatalog; path = Assets.xcassets; sourceTree = "<group>"; };
		293343F31E25104A000F51FC /* Base */ = {isa = PBXFileReference; lastKnownFileType = file.storyboard; name = Base; path = Base.lproj/LaunchScreen.storyboard; sourceTree = "<group>"; };
		293343F51E25104A000F51FC /* Info.plist */ = {isa = PBXFileReference; lastKnownFileType = text.plist.xml; path = Info.plist; sourceTree = "<group>"; };
		293343FA1E25104A000F51FC /* ZarinPalTests.xctest */ = {isa = PBXFileReference; explicitFileType = wrapper.cfbundle; includeInIndex = 0; path = ZarinPalTests.xctest; sourceTree = BUILT_PRODUCTS_DIR; };
		293343FE1E25104A000F51FC /* ZarinPalTests.m */ = {isa = PBXFileReference; lastKnownFileType = sourcecode.c.objc; path = ZarinPalTests.m; sourceTree = "<group>"; };
		293344001E25104A000F51FC /* Info.plist */ = {isa = PBXFileReference; lastKnownFileType = text.plist.xml; path = Info.plist; sourceTree = "<group>"; };
		293344051E25104A000F51FC /* ZarinPalUITests.xctest */ = {isa = PBXFileReference; explicitFileType = wrapper.cfbundle; includeInIndex = 0; path = ZarinPalUITests.xctest; sourceTree = BUILT_PRODUCTS_DIR; };
		293344091E25104A000F51FC /* ZarinPalUITests.m */ = {isa = PBXFileReference; lastKnownFileType = sourcecode.c.objc; path = ZarinPalUITests.m; sourceTree = "<group>"; };
		2933440B1E25104A000F51FC /* Info.plist */ = {isa = PBXFileReference; lastKnownFileType = text.plist.xml; path = Info.plist; sourceTree = "<group>"; };
		293344181E25107D000F51FC /* ZarinPal.h */ = {isa = PBXFileReference; fileEncoding = 4; lastKnownFileType = sourcecode.c.h; path = ZarinPal.h; sourceTree = "<group>"; };
		293344191E25107D000F51FC /* ZarinPal.m */ = {isa = PBXFileReference; fileEncoding = 4; lastKnownFileType = sourcecode.c.objc; path = ZarinPal.m; sourceTree = "<group>"; };
		2933442F1E257EFA000F51FC /* libxml2.tbd */ = {isa = PBXFileReference; lastKnownFileType = "sourcecode.text-based-dylib-definition"; name = libxml2.tbd; path = usr/lib/libxml2.tbd; sourceTree = SDKROOT; };
		293344311E257F02000F51FC /* libxml2.2.tbd */ = {isa = PBXFileReference; lastKnownFileType = "sourcecode.text-based-dylib-definition"; name = libxml2.2.tbd; path = usr/lib/libxml2.2.tbd; sourceTree = SDKROOT; };
		298A38D41E5C844A00B57B4D /* IVTHelper.h */ = {isa = PBXFileReference; fileEncoding = 4; lastKnownFileType = sourcecode.c.h; path = IVTHelper.h; sourceTree = "<group>"; };
		298A38D51E5C844A00B57B4D /* IVTHelper.m */ = {isa = PBXFileReference; fileEncoding = 4; lastKnownFileType = sourcecode.c.objc; path = IVTHelper.m; sourceTree = "<group>"; };
		298A38D61E5C844A00B57B4D /* IVTPaymentGatewayImplementationServiceBinding.h */ = {isa = PBXFileReference; fileEncoding = 4; lastKnownFileType = sourcecode.c.h; path = IVTPaymentGatewayImplementationServiceBinding.h; sourceTree = "<group>"; };
		298A38D71E5C844A00B57B4D /* IVTPaymentGatewayImplementationServiceBinding.m */ = {isa = PBXFileReference; fileEncoding = 4; lastKnownFileType = sourcecode.c.objc; path = IVTPaymentGatewayImplementationServiceBinding.m; sourceTree = "<group>"; };
		298A38D81E5C844A00B57B4D /* IVTPaymentRequestResponse.h */ = {isa = PBXFileReference; fileEncoding = 4; lastKnownFileType = sourcecode.c.h; path = IVTPaymentRequestResponse.h; sourceTree = "<group>"; };
		298A38D91E5C844A00B57B4D /* IVTPaymentRequestResponse.m */ = {isa = PBXFileReference; fileEncoding = 4; lastKnownFileType = sourcecode.c.objc; path = IVTPaymentRequestResponse.m; sourceTree = "<group>"; };
		298A38DA1E5C844A00B57B4D /* IVTPaymentRequestWithExtraResponse.h */ = {isa = PBXFileReference; fileEncoding = 4; lastKnownFileType = sourcecode.c.h; path = IVTPaymentRequestWithExtraResponse.h; sourceTree = "<group>"; };
		298A38DB1E5C844A00B57B4D /* IVTPaymentRequestWithExtraResponse.m */ = {isa = PBXFileReference; fileEncoding = 4; lastKnownFileType = sourcecode.c.objc; path = IVTPaymentRequestWithExtraResponse.m; sourceTree = "<group>"; };
		298A38DC1E5C844A00B57B4D /* IVTPaymentVerificationResponse.h */ = {isa = PBXFileReference; fileEncoding = 4; lastKnownFileType = sourcecode.c.h; path = IVTPaymentVerificationResponse.h; sourceTree = "<group>"; };
		298A38DD1E5C844A00B57B4D /* IVTPaymentVerificationResponse.m */ = {isa = PBXFileReference; fileEncoding = 4; lastKnownFileType = sourcecode.c.objc; path = IVTPaymentVerificationResponse.m; sourceTree = "<group>"; };
		298A38DE1E5C844A00B57B4D /* IVTRequestResultHandler.h */ = {isa = PBXFileReference; fileEncoding = 4; lastKnownFileType = sourcecode.c.h; path = IVTRequestResultHandler.h; sourceTree = "<group>"; };
		298A38DF1E5C844A00B57B4D /* IVTRequestResultHandler.m */ = {isa = PBXFileReference; fileEncoding = 4; lastKnownFileType = sourcecode.c.objc; path = IVTRequestResultHandler.m; sourceTree = "<group>"; };
		298A38E01E5C844A00B57B4D /* IVTSoapError.h */ = {isa = PBXFileReference; fileEncoding = 4; lastKnownFileType = sourcecode.c.h; path = IVTSoapError.h; sourceTree = "<group>"; };
		298A38E11E5C844A00B57B4D /* IVTSoapError.m */ = {isa = PBXFileReference; fileEncoding = 4; lastKnownFileType = sourcecode.c.objc; path = IVTSoapError.m; sourceTree = "<group>"; };
		298A38E91E5C84A000B57B4D /* DDXML.h */ = {isa = PBXFileReference; fileEncoding = 4; lastKnownFileType = sourcecode.c.h; path = DDXML.h; sourceTree = "<group>"; };
		298A38EA1E5C84A000B57B4D /* DDXMLDocument.h */ = {isa = PBXFileReference; fileEncoding = 4; lastKnownFileType = sourcecode.c.h; path = DDXMLDocument.h; sourceTree = "<group>"; };
		298A38EB1E5C84A000B57B4D /* DDXMLDocument.m */ = {isa = PBXFileReference; fileEncoding = 4; lastKnownFileType = sourcecode.c.objc; path = DDXMLDocument.m; sourceTree = "<group>"; };
		298A38EC1E5C84A000B57B4D /* DDXMLElement.h */ = {isa = PBXFileReference; fileEncoding = 4; lastKnownFileType = sourcecode.c.h; path = DDXMLElement.h; sourceTree = "<group>"; };
		298A38ED1E5C84A000B57B4D /* DDXMLElement.m */ = {isa = PBXFileReference; fileEncoding = 4; lastKnownFileType = sourcecode.c.objc; path = DDXMLElement.m; sourceTree = "<group>"; };
		298A38EE1E5C84A000B57B4D /* DDXMLNode.h */ = {isa = PBXFileReference; fileEncoding = 4; lastKnownFileType = sourcecode.c.h; path = DDXMLNode.h; sourceTree = "<group>"; };
		298A38EF1E5C84A000B57B4D /* DDXMLNode.m */ = {isa = PBXFileReference; fileEncoding = 4; lastKnownFileType = sourcecode.c.objc; path = DDXMLNode.m; sourceTree = "<group>"; };
		298A38F41E5C84B000B57B4D /* DDXMLPrivate.h */ = {isa = PBXFileReference; fileEncoding = 4; lastKnownFileType = sourcecode.c.h; path = DDXMLPrivate.h; sourceTree = "<group>"; };
		298A38F61E5C84C500B57B4D /* NSString+DDXML.h */ = {isa = PBXFileReference; fileEncoding = 4; lastKnownFileType = sourcecode.c.h; path = "NSString+DDXML.h"; sourceTree = "<group>"; };
		298A38F71E5C84C500B57B4D /* NSString+DDXML.m */ = {isa = PBXFileReference; fileEncoding = 4; lastKnownFileType = sourcecode.c.objc; path = "NSString+DDXML.m"; sourceTree = "<group>"; };
		298A38FA1E5C84D000B57B4D /* DDXMLElementAdditions.h */ = {isa = PBXFileReference; fileEncoding = 4; lastKnownFileType = sourcecode.c.h; path = DDXMLElementAdditions.h; sourceTree = "<group>"; };
		298A38FB1E5C84D000B57B4D /* DDXMLElementAdditions.m */ = {isa = PBXFileReference; fileEncoding = 4; lastKnownFileType = sourcecode.c.objc; path = DDXMLElementAdditions.m; sourceTree = "<group>"; };
/* End PBXFileReference section */

/* Begin PBXFrameworksBuildPhase section */
		293343DE1E25104A000F51FC /* Frameworks */ = {
			isa = PBXFrameworksBuildPhase;
			buildActionMask = 2147483647;
			files = (
				293344321E257F02000F51FC /* libxml2.2.tbd in Frameworks */,
				293344301E257EFA000F51FC /* libxml2.tbd in Frameworks */,
			);
			runOnlyForDeploymentPostprocessing = 0;
		};
		293343F71E25104A000F51FC /* Frameworks */ = {
			isa = PBXFrameworksBuildPhase;
			buildActionMask = 2147483647;
			files = (
			);
			runOnlyForDeploymentPostprocessing = 0;
		};
		293344021E25104A000F51FC /* Frameworks */ = {
			isa = PBXFrameworksBuildPhase;
			buildActionMask = 2147483647;
			files = (
			);
			runOnlyForDeploymentPostprocessing = 0;
		};
/* End PBXFrameworksBuildPhase section */

/* Begin PBXGroup section */
		293343D81E25104A000F51FC = {
			isa = PBXGroup;
			children = (
				293343E31E25104A000F51FC /* ZarinPal */,
				293343FD1E25104A000F51FC /* ZarinPalTests */,
				293344081E25104A000F51FC /* ZarinPalUITests */,
				293343E21E25104A000F51FC /* Products */,
				2933442E1E257EFA000F51FC /* Frameworks */,
			);
			sourceTree = "<group>";
		};
		293343E21E25104A000F51FC /* Products */ = {
			isa = PBXGroup;
			children = (
				293343E11E25104A000F51FC /* ZarinPal.app */,
				293343FA1E25104A000F51FC /* ZarinPalTests.xctest */,
				293344051E25104A000F51FC /* ZarinPalUITests.xctest */,
			);
			name = Products;
			sourceTree = "<group>";
		};
		293343E31E25104A000F51FC /* ZarinPal */ = {
			isa = PBXGroup;
			children = (
				298A38F31E5C84A400B57B4D /* KissXML */,
				293344171E251055000F51FC /* AFZarinPal */,
				293343E71E25104A000F51FC /* AppDelegate.h */,
				293343E81E25104A000F51FC /* AppDelegate.m */,
				293343EA1E25104A000F51FC /* ViewController.h */,
				293343EB1E25104A000F51FC /* ViewController.m */,
				293343ED1E25104A000F51FC /* Main.storyboard */,
				293343F01E25104A000F51FC /* Assets.xcassets */,
				293343F21E25104A000F51FC /* LaunchScreen.storyboard */,
				293343F51E25104A000F51FC /* Info.plist */,
				293343E41E25104A000F51FC /* Supporting Files */,
			);
			path = ZarinPal;
			sourceTree = "<group>";
		};
		293343E41E25104A000F51FC /* Supporting Files */ = {
			isa = PBXGroup;
			children = (
				293343E51E25104A000F51FC /* main.m */,
			);
			name = "Supporting Files";
			sourceTree = "<group>";
		};
		293343FD1E25104A000F51FC /* ZarinPalTests */ = {
			isa = PBXGroup;
			children = (
				293343FE1E25104A000F51FC /* ZarinPalTests.m */,
				293344001E25104A000F51FC /* Info.plist */,
			);
			path = ZarinPalTests;
			sourceTree = "<group>";
		};
		293344081E25104A000F51FC /* ZarinPalUITests */ = {
			isa = PBXGroup;
			children = (
				293344091E25104A000F51FC /* ZarinPalUITests.m */,
				2933440B1E25104A000F51FC /* Info.plist */,
			);
			path = ZarinPalUITests;
			sourceTree = "<group>";
		};
		293344171E251055000F51FC /* AFZarinPal */ = {
			isa = PBXGroup;
			children = (
				298A38D41E5C844A00B57B4D /* IVTHelper.h */,
				298A38D51E5C844A00B57B4D /* IVTHelper.m */,
				298A38D61E5C844A00B57B4D /* IVTPaymentGatewayImplementationServiceBinding.h */,
				298A38D71E5C844A00B57B4D /* IVTPaymentGatewayImplementationServiceBinding.m */,
				298A38D81E5C844A00B57B4D /* IVTPaymentRequestResponse.h */,
				298A38D91E5C844A00B57B4D /* IVTPaymentRequestResponse.m */,
				298A38DA1E5C844A00B57B4D /* IVTPaymentRequestWithExtraResponse.h */,
				298A38DB1E5C844A00B57B4D /* IVTPaymentRequestWithExtraResponse.m */,
				298A38DC1E5C844A00B57B4D /* IVTPaymentVerificationResponse.h */,
				298A38DD1E5C844A00B57B4D /* IVTPaymentVerificationResponse.m */,
				298A38DE1E5C844A00B57B4D /* IVTRequestResultHandler.h */,
				298A38DF1E5C844A00B57B4D /* IVTRequestResultHandler.m */,
				298A38E01E5C844A00B57B4D /* IVTSoapError.h */,
				298A38E11E5C844A00B57B4D /* IVTSoapError.m */,
				293344181E25107D000F51FC /* ZarinPal.h */,
				293344191E25107D000F51FC /* ZarinPal.m */,
			);
			name = AFZarinPal;
			sourceTree = "<group>";
		};
		2933442E1E257EFA000F51FC /* Frameworks */ = {
			isa = PBXGroup;
			children = (
				293344311E257F02000F51FC /* libxml2.2.tbd */,
				2933442F1E257EFA000F51FC /* libxml2.tbd */,
			);
			name = Frameworks;
			sourceTree = "<group>";
		};
		298A38F31E5C84A400B57B4D /* KissXML */ = {
			isa = PBXGroup;
			children = (
				298A38FD1E5C84D300B57B4D /* Additions */,
				298A38F91E5C84C900B57B4D /* Categories */,
				298A38F51E5C84BA00B57B4D /* Private */,
				298A38E91E5C84A000B57B4D /* DDXML.h */,
				298A38EA1E5C84A000B57B4D /* DDXMLDocument.h */,
				298A38EB1E5C84A000B57B4D /* DDXMLDocument.m */,
				298A38EC1E5C84A000B57B4D /* DDXMLElement.h */,
				298A38ED1E5C84A000B57B4D /* DDXMLElement.m */,
				298A38EE1E5C84A000B57B4D /* DDXMLNode.h */,
				298A38EF1E5C84A000B57B4D /* DDXMLNode.m */,
			);
			name = KissXML;
			sourceTree = "<group>";
		};
		298A38F51E5C84BA00B57B4D /* Private */ = {
			isa = PBXGroup;
			children = (
				298A38F41E5C84B000B57B4D /* DDXMLPrivate.h */,
			);
			name = Private;
			sourceTree = "<group>";
		};
		298A38F91E5C84C900B57B4D /* Categories */ = {
			isa = PBXGroup;
			children = (
				298A38F61E5C84C500B57B4D /* NSString+DDXML.h */,
				298A38F71E5C84C500B57B4D /* NSString+DDXML.m */,
			);
			name = Categories;
			sourceTree = "<group>";
		};
		298A38FD1E5C84D300B57B4D /* Additions */ = {
			isa = PBXGroup;
			children = (
				298A38FA1E5C84D000B57B4D /* DDXMLElementAdditions.h */,
				298A38FB1E5C84D000B57B4D /* DDXMLElementAdditions.m */,
			);
			name = Additions;
			sourceTree = "<group>";
		};
/* End PBXGroup section */

/* Begin PBXNativeTarget section */
		293343E01E25104A000F51FC /* ZarinPal */ = {
			isa = PBXNativeTarget;
			buildConfigurationList = 2933440E1E25104A000F51FC /* Build configuration list for PBXNativeTarget "ZarinPal" */;
			buildPhases = (
				293343DD1E25104A000F51FC /* Sources */,
				293343DE1E25104A000F51FC /* Frameworks */,
				293343DF1E25104A000F51FC /* Resources */,
			);
			buildRules = (
			);
			dependencies = (
			);
			name = ZarinPal;
			productName = ZarinPal;
			productReference = 293343E11E25104A000F51FC /* ZarinPal.app */;
			productType = "com.apple.product-type.application";
		};
		293343F91E25104A000F51FC /* ZarinPalTests */ = {
			isa = PBXNativeTarget;
			buildConfigurationList = 293344111E25104A000F51FC /* Build configuration list for PBXNativeTarget "ZarinPalTests" */;
			buildPhases = (
				293343F61E25104A000F51FC /* Sources */,
				293343F71E25104A000F51FC /* Frameworks */,
				293343F81E25104A000F51FC /* Resources */,
			);
			buildRules = (
			);
			dependencies = (
				293343FC1E25104A000F51FC /* PBXTargetDependency */,
			);
			name = ZarinPalTests;
			productName = ZarinPalTests;
			productReference = 293343FA1E25104A000F51FC /* ZarinPalTests.xctest */;
			productType = "com.apple.product-type.bundle.unit-test";
		};
		293344041E25104A000F51FC /* ZarinPalUITests */ = {
			isa = PBXNativeTarget;
			buildConfigurationList = 293344141E25104A000F51FC /* Build configuration list for PBXNativeTarget "ZarinPalUITests" */;
			buildPhases = (
				293344011E25104A000F51FC /* Sources */,
				293344021E25104A000F51FC /* Frameworks */,
				293344031E25104A000F51FC /* Resources */,
			);
			buildRules = (
			);
			dependencies = (
				293344071E25104A000F51FC /* PBXTargetDependency */,
			);
			name = ZarinPalUITests;
			productName = ZarinPalUITests;
			productReference = 293344051E25104A000F51FC /* ZarinPalUITests.xctest */;
			productType = "com.apple.product-type.bundle.ui-testing";
		};
/* End PBXNativeTarget section */

/* Begin PBXProject section */
		293343D91E25104A000F51FC /* Project object */ = {
			isa = PBXProject;
			attributes = {
				LastUpgradeCheck = 0800;
				ORGANIZATIONNAME = Emersad;
				TargetAttributes = {
					293343E01E25104A000F51FC = {
						CreatedOnToolsVersion = 8.0;
						DevelopmentTeam = R32459M72F;
						ProvisioningStyle = Automatic;
					};
					293343F91E25104A000F51FC = {
						CreatedOnToolsVersion = 8.0;
						DevelopmentTeam = R32459M72F;
						ProvisioningStyle = Automatic;
						TestTargetID = 293343E01E25104A000F51FC;
					};
					293344041E25104A000F51FC = {
						CreatedOnToolsVersion = 8.0;
						DevelopmentTeam = R32459M72F;
						ProvisioningStyle = Automatic;
						TestTargetID = 293343E01E25104A000F51FC;
					};
				};
			};
			buildConfigurationList = 293343DC1E25104A000F51FC /* Build configuration list for PBXProject "ZarinPal" */;
			compatibilityVersion = "Xcode 3.2";
			developmentRegion = English;
			hasScannedForEncodings = 0;
			knownRegions = (
				en,
				Base,
			);
			mainGroup = 293343D81E25104A000F51FC;
			productRefGroup = 293343E21E25104A000F51FC /* Products */;
			projectDirPath = "";
			projectRoot = "";
			targets = (
				293343E01E25104A000F51FC /* ZarinPal */,
				293343F91E25104A000F51FC /* ZarinPalTests */,
				293344041E25104A000F51FC /* ZarinPalUITests */,
			);
		};
/* End PBXProject section */

/* Begin PBXResourcesBuildPhase section */
		293343DF1E25104A000F51FC /* Resources */ = {
			isa = PBXResourcesBuildPhase;
			buildActionMask = 2147483647;
			files = (
				293343F41E25104A000F51FC /* LaunchScreen.storyboard in Resources */,
				293343F11E25104A000F51FC /* Assets.xcassets in Resources */,
				293343EF1E25104A000F51FC /* Main.storyboard in Resources */,
			);
			runOnlyForDeploymentPostprocessing = 0;
		};
		293343F81E25104A000F51FC /* Resources */ = {
			isa = PBXResourcesBuildPhase;
			buildActionMask = 2147483647;
			files = (
			);
			runOnlyForDeploymentPostprocessing = 0;
		};
		293344031E25104A000F51FC /* Resources */ = {
			isa = PBXResourcesBuildPhase;
			buildActionMask = 2147483647;
			files = (
			);
			runOnlyForDeploymentPostprocessing = 0;
		};
/* End PBXResourcesBuildPhase section */

/* Begin PBXSourcesBuildPhase section */
		293343DD1E25104A000F51FC /* Sources */ = {
			isa = PBXSourcesBuildPhase;
			buildActionMask = 2147483647;
			files = (
				298A38F11E5C84A000B57B4D /* DDXMLElement.m in Sources */,
				298A38E51E5C844A00B57B4D /* IVTPaymentRequestWithExtraResponse.m in Sources */,
				298A38E81E5C844A00B57B4D /* IVTSoapError.m in Sources */,
				293343EC1E25104A000F51FC /* ViewController.m in Sources */,
				298A38FC1E5C84D000B57B4D /* DDXMLElementAdditions.m in Sources */,
				293343E91E25104A000F51FC /* AppDelegate.m in Sources */,
				298A38E21E5C844A00B57B4D /* IVTHelper.m in Sources */,
				298A38E31E5C844A00B57B4D /* IVTPaymentGatewayImplementationServiceBinding.m in Sources */,
				298A38F21E5C84A000B57B4D /* DDXMLNode.m in Sources */,
				298A38E41E5C844A00B57B4D /* IVTPaymentRequestResponse.m in Sources */,
				298A38F81E5C84C500B57B4D /* NSString+DDXML.m in Sources */,
				298A38E61E5C844A00B57B4D /* IVTPaymentVerificationResponse.m in Sources */,
				2933441A1E25107D000F51FC /* ZarinPal.m in Sources */,
				293343E61E25104A000F51FC /* main.m in Sources */,
				298A38F01E5C84A000B57B4D /* DDXMLDocument.m in Sources */,
				298A38E71E5C844A00B57B4D /* IVTRequestResultHandler.m in Sources */,
			);
			runOnlyForDeploymentPostprocessing = 0;
		};
		293343F61E25104A000F51FC /* Sources */ = {
			isa = PBXSourcesBuildPhase;
			buildActionMask = 2147483647;
			files = (
				293343FF1E25104A000F51FC /* ZarinPalTests.m in Sources */,
			);
			runOnlyForDeploymentPostprocessing = 0;
		};
		293344011E25104A000F51FC /* Sources */ = {
			isa = PBXSourcesBuildPhase;
			buildActionMask = 2147483647;
			files = (
				2933440A1E25104A000F51FC /* ZarinPalUITests.m in Sources */,
			);
			runOnlyForDeploymentPostprocessing = 0;
		};
/* End PBXSourcesBuildPhase section */

/* Begin PBXTargetDependency section */
		293343FC1E25104A000F51FC /* PBXTargetDependency */ = {
			isa = PBXTargetDependency;
			target = 293343E01E25104A000F51FC /* ZarinPal */;
			targetProxy = 293343FB1E25104A000F51FC /* PBXContainerItemProxy */;
		};
		293344071E25104A000F51FC /* PBXTargetDependency */ = {
			isa = PBXTargetDependency;
			target = 293343E01E25104A000F51FC /* ZarinPal */;
			targetProxy = 293344061E25104A000F51FC /* PBXContainerItemProxy */;
		};
/* End PBXTargetDependency section */

/* Begin PBXVariantGroup section */
		293343ED1E25104A000F51FC /* Main.storyboard */ = {
			isa = PBXVariantGroup;
			children = (
				293343EE1E25104A000F51FC /* Base */,
			);
			name = Main.storyboard;
			sourceTree = "<group>";
		};
		293343F21E25104A000F51FC /* LaunchScreen.storyboard */ = {
			isa = PBXVariantGroup;
			children = (
				293343F31E25104A000F51FC /* Base */,
			);
			name = LaunchScreen.storyboard;
			sourceTree = "<group>";
		};
/* End PBXVariantGroup section */

/* Begin XCBuildConfiguration section */
		2933440C1E25104A000F51FC /* Debug */ = {
			isa = XCBuildConfiguration;
			buildSettings = {
				ALWAYS_SEARCH_USER_PATHS = NO;
				CLANG_ANALYZER_NONNULL = YES;
				CLANG_CXX_LANGUAGE_STANDARD = "gnu++0x";
				CLANG_CXX_LIBRARY = "libc++";
				CLANG_ENABLE_MODULES = YES;
				CLANG_ENABLE_OBJC_ARC = YES;
				CLANG_WARN_BOOL_CONVERSION = YES;
				CLANG_WARN_CONSTANT_CONVERSION = YES;
				CLANG_WARN_DIRECT_OBJC_ISA_USAGE = YES_ERROR;
				CLANG_WARN_DOCUMENTATION_COMMENTS = YES;
				CLANG_WARN_EMPTY_BODY = YES;
				CLANG_WARN_ENUM_CONVERSION = YES;
				CLANG_WARN_INFINITE_RECURSION = YES;
				CLANG_WARN_INT_CONVERSION = YES;
				CLANG_WARN_OBJC_ROOT_CLASS = YES_ERROR;
				CLANG_WARN_SUSPICIOUS_MOVES = YES;
				CLANG_WARN_UNREACHABLE_CODE = YES;
				CLANG_WARN__DUPLICATE_METHOD_MATCH = YES;
				"CODE_SIGN_IDENTITY[sdk=iphoneos*]" = "iPhone Developer";
				COPY_PHASE_STRIP = NO;
				DEBUG_INFORMATION_FORMAT = dwarf;
				ENABLE_STRICT_OBJC_MSGSEND = YES;
				ENABLE_TESTABILITY = YES;
				GCC_C_LANGUAGE_STANDARD = gnu99;
				GCC_DYNAMIC_NO_PIC = NO;
				GCC_NO_COMMON_BLOCKS = YES;
				GCC_OPTIMIZATION_LEVEL = 0;
				GCC_PREPROCESSOR_DEFINITIONS = (
					"DEBUG=1",
					"$(inherited)",
				);
				GCC_WARN_64_TO_32_BIT_CONVERSION = YES;
				GCC_WARN_ABOUT_RETURN_TYPE = YES_ERROR;
				GCC_WARN_UNDECLARED_SELECTOR = YES;
				GCC_WARN_UNINITIALIZED_AUTOS = YES_AGGRESSIVE;
				GCC_WARN_UNUSED_FUNCTION = YES;
				GCC_WARN_UNUSED_VARIABLE = YES;
				IPHONEOS_DEPLOYMENT_TARGET = 10.0;
				MTL_ENABLE_DEBUG_INFO = YES;
				ONLY_ACTIVE_ARCH = YES;
				SDKROOT = iphoneos;
			};
			name = Debug;
		};
		2933440D1E25104A000F51FC /* Release */ = {
			isa = XCBuildConfiguration;
			buildSettings = {
				ALWAYS_SEARCH_USER_PATHS = NO;
				CLANG_ANALYZER_NONNULL = YES;
				CLANG_CXX_LANGUAGE_STANDARD = "gnu++0x";
				CLANG_CXX_LIBRARY = "libc++";
				CLANG_ENABLE_MODULES = YES;
				CLANG_ENABLE_OBJC_ARC = YES;
				CLANG_WARN_BOOL_CONVERSION = YES;
				CLANG_WARN_CONSTANT_CONVERSION = YES;
				CLANG_WARN_DIRECT_OBJC_ISA_USAGE = YES_ERROR;
				CLANG_WARN_DOCUMENTATION_COMMENTS = YES;
				CLANG_WARN_EMPTY_BODY = YES;
				CLANG_WARN_ENUM_CONVERSION = YES;
				CLANG_WARN_INFINITE_RECURSION = YES;
				CLANG_WARN_INT_CONVERSION = YES;
				CLANG_WARN_OBJC_ROOT_CLASS = YES_ERROR;
				CLANG_WARN_SUSPICIOUS_MOVES = YES;
				CLANG_WARN_UNREACHABLE_CODE = YES;
				CLANG_WARN__DUPLICATE_METHOD_MATCH = YES;
				"CODE_SIGN_IDENTITY[sdk=iphoneos*]" = "iPhone Developer";
				COPY_PHASE_STRIP = NO;
				DEBUG_INFORMATION_FORMAT = "dwarf-with-dsym";
				ENABLE_NS_ASSERTIONS = NO;
				ENABLE_STRICT_OBJC_MSGSEND = YES;
				GCC_C_LANGUAGE_STANDARD = gnu99;
				GCC_NO_COMMON_BLOCKS = YES;
				GCC_WARN_64_TO_32_BIT_CONVERSION = YES;
				GCC_WARN_ABOUT_RETURN_TYPE = YES_ERROR;
				GCC_WARN_UNDECLARED_SELECTOR = YES;
				GCC_WARN_UNINITIALIZED_AUTOS = YES_AGGRESSIVE;
				GCC_WARN_UNUSED_FUNCTION = YES;
				GCC_WARN_UNUSED_VARIABLE = YES;
				IPHONEOS_DEPLOYMENT_TARGET = 10.0;
				MTL_ENABLE_DEBUG_INFO = NO;
				SDKROOT = iphoneos;
				VALIDATE_PRODUCT = YES;
			};
			name = Release;
		};
		2933440F1E25104A000F51FC /* Debug */ = {
			isa = XCBuildConfiguration;
			buildSettings = {
				ASSETCATALOG_COMPILER_APPICON_NAME = AppIcon;
				DEVELOPMENT_TEAM = R32459M72F;
				HEADER_SEARCH_PATHS = /usr/include/libxml2;
				INFOPLIST_FILE = ZarinPal/Info.plist;
				LD_RUNPATH_SEARCH_PATHS = "$(inherited) @executable_path/Frameworks";
				OTHER_CFLAGS = "-I/usr/include/libxml2";
				OTHER_LDFLAGS = "-lxml2";
				PRODUCT_BUNDLE_IDENTIFIER = net.emersad.ZarinPal;
				PRODUCT_NAME = "$(TARGET_NAME)";
			};
			name = Debug;
		};
		293344101E25104A000F51FC /* Release */ = {
			isa = XCBuildConfiguration;
			buildSettings = {
				ASSETCATALOG_COMPILER_APPICON_NAME = AppIcon;
				DEVELOPMENT_TEAM = R32459M72F;
				HEADER_SEARCH_PATHS = /usr/include/libxml2;
				INFOPLIST_FILE = ZarinPal/Info.plist;
				LD_RUNPATH_SEARCH_PATHS = "$(inherited) @executable_path/Frameworks";
				OTHER_CFLAGS = "-I/usr/include/libxml2";
				OTHER_LDFLAGS = "-lxml2";
				PRODUCT_BUNDLE_IDENTIFIER = net.emersad.ZarinPal;
				PRODUCT_NAME = "$(TARGET_NAME)";
			};
			name = Release;
		};
		293344121E25104A000F51FC /* Debug */ = {
			isa = XCBuildConfiguration;
			buildSettings = {
				BUNDLE_LOADER = "$(TEST_HOST)";
				DEVELOPMENT_TEAM = R32459M72F;
				INFOPLIST_FILE = ZarinPalTests/Info.plist;
				LD_RUNPATH_SEARCH_PATHS = "$(inherited) @executable_path/Frameworks @loader_path/Frameworks";
				PRODUCT_BUNDLE_IDENTIFIER = net.emersad.ZarinPalTests;
				PRODUCT_NAME = "$(TARGET_NAME)";
				TEST_HOST = "$(BUILT_PRODUCTS_DIR)/ZarinPal.app/ZarinPal";
			};
			name = Debug;
		};
		293344131E25104A000F51FC /* Release */ = {
			isa = XCBuildConfiguration;
			buildSettings = {
				BUNDLE_LOADER = "$(TEST_HOST)";
				DEVELOPMENT_TEAM = R32459M72F;
				INFOPLIST_FILE = ZarinPalTests/Info.plist;
				LD_RUNPATH_SEARCH_PATHS = "$(inherited) @executable_path/Frameworks @loader_path/Frameworks";
				PRODUCT_BUNDLE_IDENTIFIER = net.emersad.ZarinPalTests;
				PRODUCT_NAME = "$(TARGET_NAME)";
				TEST_HOST = "$(BUILT_PRODUCTS_DIR)/ZarinPal.app/ZarinPal";
			};
			name = Release;
		};
		293344151E25104A000F51FC /* Debug */ = {
			isa = XCBuildConfiguration;
			buildSettings = {
				DEVELOPMENT_TEAM = R32459M72F;
				INFOPLIST_FILE = ZarinPalUITests/Info.plist;
				LD_RUNPATH_SEARCH_PATHS = "$(inherited) @executable_path/Frameworks @loader_path/Frameworks";
				PRODUCT_BUNDLE_IDENTIFIER = net.emersad.ZarinPalUITests;
				PRODUCT_NAME = "$(TARGET_NAME)";
				TEST_TARGET_NAME = ZarinPal;
			};
			name = Debug;
		};
		293344161E25104A000F51FC /* Release */ = {
			isa = XCBuildConfiguration;
			buildSettings = {
				DEVELOPMENT_TEAM = R32459M72F;
				INFOPLIST_FILE = ZarinPalUITests/Info.plist;
				LD_RUNPATH_SEARCH_PATHS = "$(inherited) @executable_path/Frameworks @loader_path/Frameworks";
				PRODUCT_BUNDLE_IDENTIFIER = net.emersad.ZarinPalUITests;
				PRODUCT_NAME = "$(TARGET_NAME)";
				TEST_TARGET_NAME = ZarinPal;
			};
			name = Release;
		};
/* End XCBuildConfiguration section */

/* Begin XCConfigurationList section */
		293343DC1E25104A000F51FC /* Build configuration list for PBXProject "ZarinPal" */ = {
			isa = XCConfigurationList;
			buildConfigurations = (
				2933440C1E25104A000F51FC /* Debug */,
				2933440D1E25104A000F51FC /* Release */,
			);
			defaultConfigurationIsVisible = 0;
			defaultConfigurationName = Release;
		};
		2933440E1E25104A000F51FC /* Build configuration list for PBXNativeTarget "ZarinPal" */ = {
			isa = XCConfigurationList;
			buildConfigurations = (
				2933440F1E25104A000F51FC /* Debug */,
				293344101E25104A000F51FC /* Release */,
			);
			defaultConfigurationIsVisible = 0;
			defaultConfigurationName = Release;
		};
		293344111E25104A000F51FC /* Build configuration list for PBXNativeTarget "ZarinPalTests" */ = {
			isa = XCConfigurationList;
			buildConfigurations = (
				293344121E25104A000F51FC /* Debug */,
				293344131E25104A000F51FC /* Release */,
			);
			defaultConfigurationIsVisible = 0;
			defaultConfigurationName = Release;
		};
		293344141E25104A000F51FC /* Build configuration list for PBXNativeTarget "ZarinPalUITests" */ = {
			isa = XCConfigurationList;
			buildConfigurations = (
				293344151E25104A000F51FC /* Debug */,
				293344161E25104A000F51FC /* Release */,
			);
			defaultConfigurationIsVisible = 0;
			defaultConfigurationName = Release;
		};
/* End XCConfigurationList section */
	};
	rootObject = 293343D91E25104A000F51FC /* Project object */;
}
